
Microsoft Visual Studio Solution File, Format Version 12.00
# Visual Studio Version 17
VisualStudioVersion = 17.13.35818.85 d17.13
MinimumVisualStudioVersion = 10.0.40219.1
Project("{FAE04EC0-301F-11D3-BF4B-00C04F79EFBC}") = "Examen-Mvvm", "Examen-Mvvm\Examen-Mvvm.csproj", "{61A73E37-37FB-4032-B61A-D5C9266DBE4B}"
EndProject
Global
	GlobalSection(SolutionConfigurationPlatforms) = preSolution
		Debug|Any CPU = Debug|Any CPU
		Release|Any CPU = Release|Any CPU
	EndGlobalSection
	GlobalSection(ProjectConfigurationPlatforms) = postSolution
		{61A73E37-37FB-4032-B61A-D5C9266DBE4B}.Debug|Any CPU.ActiveCfg = Debug|Any CPU
		{61A73E37-37FB-4032-B61A-D5C9266DBE4B}.Debug|Any CPU.Build.0 = Debug|Any CPU
		{61A73E37-37FB-4032-B61A-D5C9266DBE4B}.Debug|Any CPU.Deploy.0 = Debug|Any CPU
		{61A73E37-37FB-4032-B61A-D5C9266DBE4B}.Release|Any CPU.ActiveCfg = Release|Any CPU
		{61A73E37-37FB-4032-B61A-D5C9266DBE4B}.Release|Any CPU.Build.0 = Release|Any CPU
		{61A73E37-37FB-4032-B61A-D5C9266DBE4B}.Release|Any CPU.Deploy.0 = Release|Any CPU
	EndGlobalSection
	GlobalSection(SolutionProperties) = preSolution
		HideSolutionNode = FALSE
	EndGlobalSection
	GlobalSection(ExtensibilityGlobals) = postSolution
		SolutionGuid = {E2366B38-37A7-4D78-B7BD-FE610ED71A7A}
	EndGlobalSection
EndGlobal
